
Microsoft Visual Studio Solution File, Format Version 12.00
# Visual Studio 15
VisualStudioVersion = 15.0.26124.0
MinimumVisualStudioVersion = 15.0.26124.0
Project("{2150E333-8FDC-42A3-9474-1A3956D46DE8}") = "src", "src", "{91A07049-FF90-4018-BC74-4E174D82D5D1}"
EndProject
Project("{FAE04EC0-301F-11D3-BF4B-00C04F79EFBC}") = "PalTracker", "src\PalTracker\PalTracker.csproj", "{9F65D412-9C45-4B80-9128-1155B7422661}"
EndProject
Project("{2150E333-8FDC-42A3-9474-1A3956D46DE8}") = "test", "test", "{C5F906D0-4C55-4633-8014-2D6DBA818F74}"
EndProject
Project("{FAE04EC0-301F-11D3-BF4B-00C04F79EFBC}") = "PalTrackerTests", "test\PalTrackerTests\PalTrackerTests.csproj", "{1D6C2801-75ED-4578-88CA-57084227AC79}"
EndProject
Global
	GlobalSection(SolutionConfigurationPlatforms) = preSolution
		Debug|Any CPU = Debug|Any CPU
		Debug|x64 = Debug|x64
		Debug|x86 = Debug|x86
		Release|Any CPU = Release|Any CPU
		Release|x64 = Release|x64
		Release|x86 = Release|x86
	EndGlobalSection
	GlobalSection(SolutionProperties) = preSolution
		HideSolutionNode = FALSE
	EndGlobalSection
	GlobalSection(ProjectConfigurationPlatforms) = postSolution
		{9F65D412-9C45-4B80-9128-1155B7422661}.Debug|Any CPU.ActiveCfg = Debug|Any CPU
		{9F65D412-9C45-4B80-9128-1155B7422661}.Debug|Any CPU.Build.0 = Debug|Any CPU
		{9F65D412-9C45-4B80-9128-1155B7422661}.Debug|x64.ActiveCfg = Debug|Any CPU
		{9F65D412-9C45-4B80-9128-1155B7422661}.Debug|x64.Build.0 = Debug|Any CPU
		{9F65D412-9C45-4B80-9128-1155B7422661}.Debug|x86.ActiveCfg = Debug|Any CPU
		{9F65D412-9C45-4B80-9128-1155B7422661}.Debug|x86.Build.0 = Debug|Any CPU
		{9F65D412-9C45-4B80-9128-1155B7422661}.Release|Any CPU.ActiveCfg = Release|Any CPU
		{9F65D412-9C45-4B80-9128-1155B7422661}.Release|Any CPU.Build.0 = Release|Any CPU
		{9F65D412-9C45-4B80-9128-1155B7422661}.Release|x64.ActiveCfg = Release|Any CPU
		{9F65D412-9C45-4B80-9128-1155B7422661}.Release|x64.Build.0 = Release|Any CPU
		{9F65D412-9C45-4B80-9128-1155B7422661}.Release|x86.ActiveCfg = Release|Any CPU
		{9F65D412-9C45-4B80-9128-1155B7422661}.Release|x86.Build.0 = Release|Any CPU
		{1D6C2801-75ED-4578-88CA-57084227AC79}.Debug|Any CPU.ActiveCfg = Debug|Any CPU
		{1D6C2801-75ED-4578-88CA-57084227AC79}.Debug|Any CPU.Build.0 = Debug|Any CPU
		{1D6C2801-75ED-4578-88CA-57084227AC79}.Debug|x64.ActiveCfg = Debug|Any CPU
		{1D6C2801-75ED-4578-88CA-57084227AC79}.Debug|x64.Build.0 = Debug|Any CPU
		{1D6C2801-75ED-4578-88CA-57084227AC79}.Debug|x86.ActiveCfg = Debug|Any CPU
		{1D6C2801-75ED-4578-88CA-57084227AC79}.Debug|x86.Build.0 = Debug|Any CPU
		{1D6C2801-75ED-4578-88CA-57084227AC79}.Release|Any CPU.ActiveCfg = Release|Any CPU
		{1D6C2801-75ED-4578-88CA-57084227AC79}.Release|Any CPU.Build.0 = Release|Any CPU
		{1D6C2801-75ED-4578-88CA-57084227AC79}.Release|x64.ActiveCfg = Release|Any CPU
		{1D6C2801-75ED-4578-88CA-57084227AC79}.Release|x64.Build.0 = Release|Any CPU
		{1D6C2801-75ED-4578-88CA-57084227AC79}.Release|x86.ActiveCfg = Release|Any CPU
		{1D6C2801-75ED-4578-88CA-57084227AC79}.Release|x86.Build.0 = Release|Any CPU
	EndGlobalSection
	GlobalSection(NestedProjects) = preSolution
		{9F65D412-9C45-4B80-9128-1155B7422661} = {91A07049-FF90-4018-BC74-4E174D82D5D1}
		{1D6C2801-75ED-4578-88CA-57084227AC79} = {C5F906D0-4C55-4633-8014-2D6DBA818F74}
	EndGlobalSection
EndGlobal
